// !$*UTF8*$!
{
	archiveVersion = 1;
	classes = {
	};
	objectVersion = 55;
	objects = {

/* Begin PBXBuildFile section */
		7305CA2D28B310CA00D37A0C /* 1371.swift in Sources */ = {isa = PBXBuildFile; fileRef = 7305CA2C28B310CA00D37A0C /* 1371.swift */; };
		7322A62028A36D44001969A0 /* 1731.swift in Sources */ = {isa = PBXBuildFile; fileRef = 7322A61F28A36D44001969A0 /* 1731.swift */; };
		7322A62228A372B4001969A0 /* 2490.swift in Sources */ = {isa = PBXBuildFile; fileRef = 7322A62128A372B4001969A0 /* 2490.swift */; };
		733D7827289A0B05001E4BE6 /* LongestSubstringWithoutRepeatingCharacters.swift in Sources */ = {isa = PBXBuildFile; fileRef = 733D7826289A0B05001E4BE6 /* LongestSubstringWithoutRepeatingCharacters.swift */; };
		735553A028B86C440064FBAD /* 2309.swift in Sources */ = {isa = PBXBuildFile; fileRef = 7355539F28B86C440064FBAD /* 2309.swift */; };
		735DC1C928879576000EE5DE /* 1550.swift in Sources */ = {isa = PBXBuildFile; fileRef = 735DC1C828879576000EE5DE /* 1550.swift */; };
		735DC1CB2887A802000EE5DE /* 2557.swift in Sources */ = {isa = PBXBuildFile; fileRef = 735DC1CA2887A802000EE5DE /* 2557.swift */; };
		735DC1CD2887A837000EE5DE /* 2558.swift in Sources */ = {isa = PBXBuildFile; fileRef = 735DC1CC2887A837000EE5DE /* 2558.swift */; };
		735DC1CF2887A8AD000EE5DE /* 2741.swift in Sources */ = {isa = PBXBuildFile; fileRef = 735DC1CE2887A8AD000EE5DE /* 2741.swift */; };
		735DC1D12887A995000EE5DE /* 2742.swift in Sources */ = {isa = PBXBuildFile; fileRef = 735DC1D02887A995000EE5DE /* 2742.swift */; };
		735DC1D32887AA9A000EE5DE /* 2752.swift in Sources */ = {isa = PBXBuildFile; fileRef = 735DC1D22887AA9A000EE5DE /* 2752.swift */; };
		7367FDDF28C98B600089B699 /* 2857.swift in Sources */ = {isa = PBXBuildFile; fileRef = 7367FDDE28C98B5F0089B699 /* 2857.swift */; };
		7371F56628CDC5A4001D6A24 /* 2947.swift in Sources */ = {isa = PBXBuildFile; fileRef = 7371F56528CDC5A4001D6A24 /* 2947.swift */; };
		737B13AD28AF785400097DCE /* 2576.swift in Sources */ = {isa = PBXBuildFile; fileRef = 737B13AC28AF785400097DCE /* 2576.swift */; };
		737B13AF28AF7A6D00097DCE /* 2562.swift in Sources */ = {isa = PBXBuildFile; fileRef = 737B13AE28AF7A6D00097DCE /* 2562.swift */; };
		737B13B128AF7C4800097DCE /* 2743.swift in Sources */ = {isa = PBXBuildFile; fileRef = 737B13B028AF7C4800097DCE /* 2743.swift */; };
		737C22282888EFF400C05682 /* 2753.swift in Sources */ = {isa = PBXBuildFile; fileRef = 737C22272888EFF400C05682 /* 2753.swift */; };
		737C222A2888F32200C05682 /* 4101.swift in Sources */ = {isa = PBXBuildFile; fileRef = 737C22292888F32200C05682 /* 4101.swift */; };
		737C222C2888F7FA00C05682 /* 4562.swift in Sources */ = {isa = PBXBuildFile; fileRef = 737C222B2888F7FA00C05682 /* 4562.swift */; };
		737EDC7E28BF118500BC906C /* 2744.swift in Sources */ = {isa = PBXBuildFile; fileRef = 737EDC7D28BF118500BC906C /* 2744.swift */; };
		737EDC8028BF211C00BC906C /* 2754.swift in Sources */ = {isa = PBXBuildFile; fileRef = 737EDC7F28BF211C00BC906C /* 2754.swift */; };
		738477F328A1FC8000500A40 /* 10162.swift in Sources */ = {isa = PBXBuildFile; fileRef = 738477F228A1FC8000500A40 /* 10162.swift */; };
		738477F528A207F900500A40 /* 5585.swift in Sources */ = {isa = PBXBuildFile; fileRef = 738477F428A207F900500A40 /* 5585.swift */; };
		738477F728A20A2700500A40 /* 2739.swift in Sources */ = {isa = PBXBuildFile; fileRef = 738477F628A20A2700500A40 /* 2739.swift */; };
		73872EC7288CF22A00749B2A /* 5337.swift in Sources */ = {isa = PBXBuildFile; fileRef = 73872EC6288CF22A00749B2A /* 5337.swift */; };
		73872EC9288D007200749B2A /* 5338.swift in Sources */ = {isa = PBXBuildFile; fileRef = 73872EC8288D007200749B2A /* 5338.swift */; };
		73872ECD288D07D200749B2A /* 5522.swift in Sources */ = {isa = PBXBuildFile; fileRef = 73872ECC288D07D200749B2A /* 5522.swift */; };
		73872ECF288D08BB00749B2A /* 6749.swift in Sources */ = {isa = PBXBuildFile; fileRef = 73872ECE288D08BB00749B2A /* 6749.swift */; };
		7392A704289373E200E530B4 /* 1152.swift in Sources */ = {isa = PBXBuildFile; fileRef = 7392A703289373E200E530B4 /* 1152.swift */; };
		7392A706289374CC00E530B4 /* 1834.swift in Sources */ = {isa = PBXBuildFile; fileRef = 7392A705289374CC00E530B4 /* 1834.swift */; };
		739F0E3C28B5C4C8003B7662 /* 1568.swift in Sources */ = {isa = PBXBuildFile; fileRef = 739F0E3B28B5C4C8003B7662 /* 1568.swift */; };
		739F498E288E296400D8185A /* 9012.swift in Sources */ = {isa = PBXBuildFile; fileRef = 739F498D288E296400D8185A /* 9012.swift */; };
		739F4990288E314100D8185A /* 6778.swift in Sources */ = {isa = PBXBuildFile; fileRef = 739F498F288E314100D8185A /* 6778.swift */; };
		739F4992288E3C3A00D8185A /* 7891.swift in Sources */ = {isa = PBXBuildFile; fileRef = 739F4991288E3C3A00D8185A /* 7891.swift */; };
		73A16ED628976DE9006C206E /* 1259.swift in Sources */ = {isa = PBXBuildFile; fileRef = 73A16ED528976DE9006C206E /* 1259.swift */; };
		73A16ED828977957006C206E /* 1264.swift in Sources */ = {isa = PBXBuildFile; fileRef = 73A16ED728977957006C206E /* 1264.swift */; };
		73A53B51288A415000B65052 /* 4892.swift in Sources */ = {isa = PBXBuildFile; fileRef = 73A53B50288A415000B65052 /* 4892.swift */; };
		73A53B53288A89A000B65052 /* 5217.swift in Sources */ = {isa = PBXBuildFile; fileRef = 73A53B52288A89A000B65052 /* 5217.swift */; };
		73AD3F6A2890CE7A00B0213E /* 11104.swift in Sources */ = {isa = PBXBuildFile; fileRef = 73AD3F692890CE7A00B0213E /* 11104.swift */; };
		73AD3F6C2890D47800B0213E /* 11319.swift in Sources */ = {isa = PBXBuildFile; fileRef = 73AD3F6B2890D47800B0213E /* 11319.swift */; };
		73AD3F6E2890D9CC00B0213E /* 11367.swift in Sources */ = {isa = PBXBuildFile; fileRef = 73AD3F6D2890D9CC00B0213E /* 11367.swift */; };
		73AD3F702890DBB100B0213E /* 11549.swift in Sources */ = {isa = PBXBuildFile; fileRef = 73AD3F6F2890DBB100B0213E /* 11549.swift */; };
		73AD3F722890DD9A00B0213E /* 11654.swift in Sources */ = {isa = PBXBuildFile; fileRef = 73AD3F712890DD9A00B0213E /* 11654.swift */; };
		73B55EB22884FD70004FF108 /* AppDelegate.swift in Sources */ = {isa = PBXBuildFile; fileRef = 73B55EB12884FD70004FF108 /* AppDelegate.swift */; };
		73B55EB42884FD70004FF108 /* ViewController.swift in Sources */ = {isa = PBXBuildFile; fileRef = 73B55EB32884FD70004FF108 /* ViewController.swift */; };
		73B55EB62884FD71004FF108 /* Assets.xcassets in Resources */ = {isa = PBXBuildFile; fileRef = 73B55EB52884FD71004FF108 /* Assets.xcassets */; };
		73B55EB92884FD71004FF108 /* Main.storyboard in Resources */ = {isa = PBXBuildFile; fileRef = 73B55EB72884FD71004FF108 /* Main.storyboard */; };
		73B55EC42884FD71004FF108 /* Into_the_AlgorithmTests.swift in Sources */ = {isa = PBXBuildFile; fileRef = 73B55EC32884FD71004FF108 /* Into_the_AlgorithmTests.swift */; };
		73B55ECE2884FD71004FF108 /* Into_the_AlgorithmUITests.swift in Sources */ = {isa = PBXBuildFile; fileRef = 73B55ECD2884FD71004FF108 /* Into_the_AlgorithmUITests.swift */; };
		73B55ED02884FD71004FF108 /* Into_the_AlgorithmUITestsLaunchTests.swift in Sources */ = {isa = PBXBuildFile; fileRef = 73B55ECF2884FD71004FF108 /* Into_the_AlgorithmUITestsLaunchTests.swift */; };
		73B55EE02884FDCF004FF108 /* 64061.swift in Sources */ = {isa = PBXBuildFile; fileRef = 73B55EDF2884FDCF004FF108 /* 64061.swift */; };
		73B55EE22884FE8F004FF108 /* 70128.swift in Sources */ = {isa = PBXBuildFile; fileRef = 73B55EE12884FE8F004FF108 /* 70128.swift */; };
		73B55EE42884FE9F004FF108 /* 1000.swift in Sources */ = {isa = PBXBuildFile; fileRef = 73B55EE32884FE9F004FF108 /* 1000.swift */; };
		73B55EE628850777004FF108 /* 1001.swift in Sources */ = {isa = PBXBuildFile; fileRef = 73B55EE528850777004FF108 /* 1001.swift */; };
		73B55EE8288508DE004FF108 /* 1330.swift in Sources */ = {isa = PBXBuildFile; fileRef = 73B55EE7288508DE004FF108 /* 1330.swift */; };
		73BE378C28C459C400335FFC /* 2822.swift in Sources */ = {isa = PBXBuildFile; fileRef = 73BE378B28C459C400335FFC /* 2822.swift */; };
		73D43C2528922EA600D186BA /* 13597.swift in Sources */ = {isa = PBXBuildFile; fileRef = 73D43C2428922EA600D186BA /* 13597.swift */; };
		73D43C272892343000D186BA /* 13752.swift in Sources */ = {isa = PBXBuildFile; fileRef = 73D43C262892343000D186BA /* 13752.swift */; };
		73D43C292892362D00D186BA /* 14038.swift in Sources */ = {isa = PBXBuildFile; fileRef = 73D43C282892362D00D186BA /* 14038.swift */; };
		73D43C2B2892389F00D186BA /* 14681.swift in Sources */ = {isa = PBXBuildFile; fileRef = 73D43C2A2892389F00D186BA /* 14681.swift */; };
		73D43C2D28923E4400D186BA /* 15000.swift in Sources */ = {isa = PBXBuildFile; fileRef = 73D43C2C28923E4400D186BA /* 15000.swift */; };
		73D5850A28866CB0000616BB /* 10828.swift in Sources */ = {isa = PBXBuildFile; fileRef = 73D5850928866CB0000616BB /* 10828.swift */; };
		73D680D6289CAB3D006277C3 /* 1547.swift in Sources */ = {isa = PBXBuildFile; fileRef = 73D680D5289CAB3D006277C3 /* 1547.swift */; };
		73D680D8289CBAA1006277C3 /* 2420.swift in Sources */ = {isa = PBXBuildFile; fileRef = 73D680D7289CBAA1006277C3 /* 2420.swift */; };
		73D680DA289CBBBF006277C3 /* 2355.swift in Sources */ = {isa = PBXBuildFile; fileRef = 73D680D9289CBBBF006277C3 /* 2355.swift */; };
		73DC1086289F7191001DEDA4 /* 2386.swift in Sources */ = {isa = PBXBuildFile; fileRef = 73DC1085289F7191001DEDA4 /* 2386.swift */; };
		73DC1088289F768F001DEDA4 /* 2438.swift in Sources */ = {isa = PBXBuildFile; fileRef = 73DC1087289F768F001DEDA4 /* 2438.swift */; };
		73DC108A289F786C001DEDA4 /* 2475.swift in Sources */ = {isa = PBXBuildFile; fileRef = 73DC1089289F786C001DEDA4 /* 2475.swift */; };
		73E28F3C288F906800C62FA5 /* 8370.swift in Sources */ = {isa = PBXBuildFile; fileRef = 73E28F3B288F906800C62FA5 /* 8370.swift */; };
		73E28F3E288F962C00C62FA5 /* 8393.swift in Sources */ = {isa = PBXBuildFile; fileRef = 73E28F3D288F962C00C62FA5 /* 8393.swift */; };
		73E28F40288F972100C62FA5 /* 9316.swift in Sources */ = {isa = PBXBuildFile; fileRef = 73E28F3F288F972100C62FA5 /* 9316.swift */; };
		73E28F42288F982F00C62FA5 /* 9713.swift in Sources */ = {isa = PBXBuildFile; fileRef = 73E28F41288F982F00C62FA5 /* 9713.swift */; };
		73E28F44288FB64D00C62FA5 /* 10170.swift in Sources */ = {isa = PBXBuildFile; fileRef = 73E28F43288FB64D00C62FA5 /* 10170.swift */; };
		73E28F46288FBC6A00C62FA5 /* 10699.swift in Sources */ = {isa = PBXBuildFile; fileRef = 73E28F45288FBC6A00C62FA5 /* 10699.swift */; };
		73E28F48288FBFAF00C62FA5 /* 10817.swift in Sources */ = {isa = PBXBuildFile; fileRef = 73E28F47288FBFAF00C62FA5 /* 10817.swift */; };
		73E344FF28C8366700943D79 /* 2846.swift in Sources */ = {isa = PBXBuildFile; fileRef = 73E344FE28C8366700943D79 /* 2846.swift */; };
		73E409D828C076DA0053591F /* 2789.swift in Sources */ = {isa = PBXBuildFile; fileRef = 73E409D728C076DA0053591F /* 2789.swift */; };
/* End PBXBuildFile section */

/* Begin PBXContainerItemProxy section */
		73B55EC02884FD71004FF108 /* PBXContainerItemProxy */ = {
			isa = PBXContainerItemProxy;
			containerPortal = 73B55EA62884FD70004FF108 /* Project object */;
			proxyType = 1;
			remoteGlobalIDString = 73B55EAD2884FD70004FF108;
			remoteInfo = "Into-the-Algorithm";
		};
		73B55ECA2884FD71004FF108 /* PBXContainerItemProxy */ = {
			isa = PBXContainerItemProxy;
			containerPortal = 73B55EA62884FD70004FF108 /* Project object */;
			proxyType = 1;
			remoteGlobalIDString = 73B55EAD2884FD70004FF108;
			remoteInfo = "Into-the-Algorithm";
		};
/* End PBXContainerItemProxy section */

/* Begin PBXFileReference section */
		7305CA2C28B310CA00D37A0C /* 1371.swift */ = {isa = PBXFileReference; lastKnownFileType = sourcecode.swift; path = 1371.swift; sourceTree = "<group>"; };
		7322A61F28A36D44001969A0 /* 1731.swift */ = {isa = PBXFileReference; lastKnownFileType = sourcecode.swift; path = 1731.swift; sourceTree = "<group>"; };
		7322A62128A372B4001969A0 /* 2490.swift */ = {isa = PBXFileReference; lastKnownFileType = sourcecode.swift; path = 2490.swift; sourceTree = "<group>"; };
		733D7826289A0B05001E4BE6 /* LongestSubstringWithoutRepeatingCharacters.swift */ = {isa = PBXFileReference; lastKnownFileType = sourcecode.swift; path = LongestSubstringWithoutRepeatingCharacters.swift; sourceTree = "<group>"; };
		7355539F28B86C440064FBAD /* 2309.swift */ = {isa = PBXFileReference; lastKnownFileType = sourcecode.swift; path = 2309.swift; sourceTree = "<group>"; };
		735DC1C828879576000EE5DE /* 1550.swift */ = {isa = PBXFileReference; lastKnownFileType = sourcecode.swift; path = 1550.swift; sourceTree = "<group>"; };
		735DC1CA2887A802000EE5DE /* 2557.swift */ = {isa = PBXFileReference; lastKnownFileType = sourcecode.swift; path = 2557.swift; sourceTree = "<group>"; };
		735DC1CC2887A837000EE5DE /* 2558.swift */ = {isa = PBXFileReference; lastKnownFileType = sourcecode.swift; path = 2558.swift; sourceTree = "<group>"; };
		735DC1CE2887A8AD000EE5DE /* 2741.swift */ = {isa = PBXFileReference; lastKnownFileType = sourcecode.swift; path = 2741.swift; sourceTree = "<group>"; };
		735DC1D02887A995000EE5DE /* 2742.swift */ = {isa = PBXFileReference; lastKnownFileType = sourcecode.swift; path = 2742.swift; sourceTree = "<group>"; };
		735DC1D22887AA9A000EE5DE /* 2752.swift */ = {isa = PBXFileReference; lastKnownFileType = sourcecode.swift; path = 2752.swift; sourceTree = "<group>"; };
		7367FDDE28C98B5F0089B699 /* 2857.swift */ = {isa = PBXFileReference; lastKnownFileType = sourcecode.swift; path = 2857.swift; sourceTree = "<group>"; };
		7371F56528CDC5A4001D6A24 /* 2947.swift */ = {isa = PBXFileReference; lastKnownFileType = sourcecode.swift; path = 2947.swift; sourceTree = "<group>"; };
		737B13AC28AF785400097DCE /* 2576.swift */ = {isa = PBXFileReference; lastKnownFileType = sourcecode.swift; path = 2576.swift; sourceTree = "<group>"; };
		737B13AE28AF7A6D00097DCE /* 2562.swift */ = {isa = PBXFileReference; lastKnownFileType = sourcecode.swift; path = 2562.swift; sourceTree = "<group>"; };
		737B13B028AF7C4800097DCE /* 2743.swift */ = {isa = PBXFileReference; lastKnownFileType = sourcecode.swift; path = 2743.swift; sourceTree = "<group>"; };
		737C22272888EFF400C05682 /* 2753.swift */ = {isa = PBXFileReference; lastKnownFileType = sourcecode.swift; path = 2753.swift; sourceTree = "<group>"; };
		737C22292888F32200C05682 /* 4101.swift */ = {isa = PBXFileReference; lastKnownFileType = sourcecode.swift; path = 4101.swift; sourceTree = "<group>"; };
		737C222B2888F7FA00C05682 /* 4562.swift */ = {isa = PBXFileReference; lastKnownFileType = sourcecode.swift; path = 4562.swift; sourceTree = "<group>"; };
		737EDC7D28BF118500BC906C /* 2744.swift */ = {isa = PBXFileReference; lastKnownFileType = sourcecode.swift; path = 2744.swift; sourceTree = "<group>"; };
		737EDC7F28BF211C00BC906C /* 2754.swift */ = {isa = PBXFileReference; lastKnownFileType = sourcecode.swift; path = 2754.swift; sourceTree = "<group>"; };
		738477F228A1FC8000500A40 /* 10162.swift */ = {isa = PBXFileReference; lastKnownFileType = sourcecode.swift; path = 10162.swift; sourceTree = "<group>"; };
		738477F428A207F900500A40 /* 5585.swift */ = {isa = PBXFileReference; lastKnownFileType = sourcecode.swift; path = 5585.swift; sourceTree = "<group>"; };
		738477F628A20A2700500A40 /* 2739.swift */ = {isa = PBXFileReference; lastKnownFileType = sourcecode.swift; path = 2739.swift; sourceTree = "<group>"; };
		73872EC6288CF22A00749B2A /* 5337.swift */ = {isa = PBXFileReference; lastKnownFileType = sourcecode.swift; path = 5337.swift; sourceTree = "<group>"; };
		73872EC8288D007200749B2A /* 5338.swift */ = {isa = PBXFileReference; lastKnownFileType = sourcecode.swift; path = 5338.swift; sourceTree = "<group>"; };
		73872ECC288D07D200749B2A /* 5522.swift */ = {isa = PBXFileReference; lastKnownFileType = sourcecode.swift; path = 5522.swift; sourceTree = "<group>"; };
		73872ECE288D08BB00749B2A /* 6749.swift */ = {isa = PBXFileReference; lastKnownFileType = sourcecode.swift; path = 6749.swift; sourceTree = "<group>"; };
		7392A703289373E200E530B4 /* 1152.swift */ = {isa = PBXFileReference; lastKnownFileType = sourcecode.swift; path = 1152.swift; sourceTree = "<group>"; };
		7392A705289374CC00E530B4 /* 1834.swift */ = {isa = PBXFileReference; lastKnownFileType = sourcecode.swift; path = 1834.swift; sourceTree = "<group>"; };
		739F0E3B28B5C4C8003B7662 /* 1568.swift */ = {isa = PBXFileReference; lastKnownFileType = sourcecode.swift; path = 1568.swift; sourceTree = "<group>"; };
		739F498D288E296400D8185A /* 9012.swift */ = {isa = PBXFileReference; lastKnownFileType = sourcecode.swift; path = 9012.swift; sourceTree = "<group>"; };
		739F498F288E314100D8185A /* 6778.swift */ = {isa = PBXFileReference; lastKnownFileType = sourcecode.swift; path = 6778.swift; sourceTree = "<group>"; };
		739F4991288E3C3A00D8185A /* 7891.swift */ = {isa = PBXFileReference; lastKnownFileType = sourcecode.swift; path = 7891.swift; sourceTree = "<group>"; };
		73A16ED528976DE9006C206E /* 1259.swift */ = {isa = PBXFileReference; lastKnownFileType = sourcecode.swift; path = 1259.swift; sourceTree = "<group>"; };
		73A16ED728977957006C206E /* 1264.swift */ = {isa = PBXFileReference; lastKnownFileType = sourcecode.swift; path = 1264.swift; sourceTree = "<group>"; };
		73A53B50288A415000B65052 /* 4892.swift */ = {isa = PBXFileReference; lastKnownFileType = sourcecode.swift; path = 4892.swift; sourceTree = "<group>"; };
		73A53B52288A89A000B65052 /* 5217.swift */ = {isa = PBXFileReference; lastKnownFileType = sourcecode.swift; path = 5217.swift; sourceTree = "<group>"; };
		73AD3F692890CE7A00B0213E /* 11104.swift */ = {isa = PBXFileReference; lastKnownFileType = sourcecode.swift; path = 11104.swift; sourceTree = "<group>"; };
		73AD3F6B2890D47800B0213E /* 11319.swift */ = {isa = PBXFileReference; lastKnownFileType = sourcecode.swift; path = 11319.swift; sourceTree = "<group>"; };
		73AD3F6D2890D9CC00B0213E /* 11367.swift */ = {isa = PBXFileReference; lastKnownFileType = sourcecode.swift; path = 11367.swift; sourceTree = "<group>"; };
		73AD3F6F2890DBB100B0213E /* 11549.swift */ = {isa = PBXFileReference; lastKnownFileType = sourcecode.swift; path = 11549.swift; sourceTree = "<group>"; };
		73AD3F712890DD9A00B0213E /* 11654.swift */ = {isa = PBXFileReference; lastKnownFileType = sourcecode.swift; path = 11654.swift; sourceTree = "<group>"; };
		73B55EAE2884FD70004FF108 /* Into-the-Algorithm.app */ = {isa = PBXFileReference; explicitFileType = wrapper.application; includeInIndex = 0; path = "Into-the-Algorithm.app"; sourceTree = BUILT_PRODUCTS_DIR; };
		73B55EB12884FD70004FF108 /* AppDelegate.swift */ = {isa = PBXFileReference; lastKnownFileType = sourcecode.swift; path = AppDelegate.swift; sourceTree = "<group>"; };
		73B55EB32884FD70004FF108 /* ViewController.swift */ = {isa = PBXFileReference; lastKnownFileType = sourcecode.swift; path = ViewController.swift; sourceTree = "<group>"; };
		73B55EB52884FD71004FF108 /* Assets.xcassets */ = {isa = PBXFileReference; lastKnownFileType = folder.assetcatalog; path = Assets.xcassets; sourceTree = "<group>"; };
		73B55EB82884FD71004FF108 /* Base */ = {isa = PBXFileReference; lastKnownFileType = file.storyboard; name = Base; path = Base.lproj/Main.storyboard; sourceTree = "<group>"; };
		73B55EBA2884FD71004FF108 /* Into_the_Algorithm.entitlements */ = {isa = PBXFileReference; lastKnownFileType = text.plist.entitlements; path = Into_the_Algorithm.entitlements; sourceTree = "<group>"; };
		73B55EBF2884FD71004FF108 /* Into-the-AlgorithmTests.xctest */ = {isa = PBXFileReference; explicitFileType = wrapper.cfbundle; includeInIndex = 0; path = "Into-the-AlgorithmTests.xctest"; sourceTree = BUILT_PRODUCTS_DIR; };
		73B55EC32884FD71004FF108 /* Into_the_AlgorithmTests.swift */ = {isa = PBXFileReference; lastKnownFileType = sourcecode.swift; path = Into_the_AlgorithmTests.swift; sourceTree = "<group>"; };
		73B55EC92884FD71004FF108 /* Into-the-AlgorithmUITests.xctest */ = {isa = PBXFileReference; explicitFileType = wrapper.cfbundle; includeInIndex = 0; path = "Into-the-AlgorithmUITests.xctest"; sourceTree = BUILT_PRODUCTS_DIR; };
		73B55ECD2884FD71004FF108 /* Into_the_AlgorithmUITests.swift */ = {isa = PBXFileReference; lastKnownFileType = sourcecode.swift; path = Into_the_AlgorithmUITests.swift; sourceTree = "<group>"; };
		73B55ECF2884FD71004FF108 /* Into_the_AlgorithmUITestsLaunchTests.swift */ = {isa = PBXFileReference; lastKnownFileType = sourcecode.swift; path = Into_the_AlgorithmUITestsLaunchTests.swift; sourceTree = "<group>"; };
		73B55EDF2884FDCF004FF108 /* 64061.swift */ = {isa = PBXFileReference; lastKnownFileType = sourcecode.swift; path = 64061.swift; sourceTree = "<group>"; };
		73B55EE12884FE8F004FF108 /* 70128.swift */ = {isa = PBXFileReference; lastKnownFileType = sourcecode.swift; path = 70128.swift; sourceTree = "<group>"; };
		73B55EE32884FE9F004FF108 /* 1000.swift */ = {isa = PBXFileReference; lastKnownFileType = sourcecode.swift; path = 1000.swift; sourceTree = "<group>"; };
		73B55EE528850777004FF108 /* 1001.swift */ = {isa = PBXFileReference; lastKnownFileType = sourcecode.swift; path = 1001.swift; sourceTree = "<group>"; };
		73B55EE7288508DE004FF108 /* 1330.swift */ = {isa = PBXFileReference; lastKnownFileType = sourcecode.swift; path = 1330.swift; sourceTree = "<group>"; };
		73BE378B28C459C400335FFC /* 2822.swift */ = {isa = PBXFileReference; lastKnownFileType = sourcecode.swift; path = 2822.swift; sourceTree = "<group>"; };
		73D43C2428922EA600D186BA /* 13597.swift */ = {isa = PBXFileReference; lastKnownFileType = sourcecode.swift; path = 13597.swift; sourceTree = "<group>"; };
		73D43C262892343000D186BA /* 13752.swift */ = {isa = PBXFileReference; lastKnownFileType = sourcecode.swift; path = 13752.swift; sourceTree = "<group>"; };
		73D43C282892362D00D186BA /* 14038.swift */ = {isa = PBXFileReference; lastKnownFileType = sourcecode.swift; path = 14038.swift; sourceTree = "<group>"; };
		73D43C2A2892389F00D186BA /* 14681.swift */ = {isa = PBXFileReference; lastKnownFileType = sourcecode.swift; path = 14681.swift; sourceTree = "<group>"; };
		73D43C2C28923E4400D186BA /* 15000.swift */ = {isa = PBXFileReference; lastKnownFileType = sourcecode.swift; path = 15000.swift; sourceTree = "<group>"; };
		73D5850928866CB0000616BB /* 10828.swift */ = {isa = PBXFileReference; lastKnownFileType = sourcecode.swift; path = 10828.swift; sourceTree = "<group>"; };
		73D680D5289CAB3D006277C3 /* 1547.swift */ = {isa = PBXFileReference; lastKnownFileType = sourcecode.swift; path = 1547.swift; sourceTree = "<group>"; };
		73D680D7289CBAA1006277C3 /* 2420.swift */ = {isa = PBXFileReference; lastKnownFileType = sourcecode.swift; path = 2420.swift; sourceTree = "<group>"; };
		73D680D9289CBBBF006277C3 /* 2355.swift */ = {isa = PBXFileReference; lastKnownFileType = sourcecode.swift; path = 2355.swift; sourceTree = "<group>"; };
		73DC1085289F7191001DEDA4 /* 2386.swift */ = {isa = PBXFileReference; lastKnownFileType = sourcecode.swift; path = 2386.swift; sourceTree = "<group>"; };
		73DC1087289F768F001DEDA4 /* 2438.swift */ = {isa = PBXFileReference; lastKnownFileType = sourcecode.swift; path = 2438.swift; sourceTree = "<group>"; };
		73DC1089289F786C001DEDA4 /* 2475.swift */ = {isa = PBXFileReference; lastKnownFileType = sourcecode.swift; path = 2475.swift; sourceTree = "<group>"; };
		73E28F3B288F906800C62FA5 /* 8370.swift */ = {isa = PBXFileReference; lastKnownFileType = sourcecode.swift; path = 8370.swift; sourceTree = "<group>"; };
		73E28F3D288F962C00C62FA5 /* 8393.swift */ = {isa = PBXFileReference; lastKnownFileType = sourcecode.swift; path = 8393.swift; sourceTree = "<group>"; };
		73E28F3F288F972100C62FA5 /* 9316.swift */ = {isa = PBXFileReference; lastKnownFileType = sourcecode.swift; path = 9316.swift; sourceTree = "<group>"; };
		73E28F41288F982F00C62FA5 /* 9713.swift */ = {isa = PBXFileReference; lastKnownFileType = sourcecode.swift; path = 9713.swift; sourceTree = "<group>"; };
		73E28F43288FB64D00C62FA5 /* 10170.swift */ = {isa = PBXFileReference; lastKnownFileType = sourcecode.swift; path = 10170.swift; sourceTree = "<group>"; };
		73E28F45288FBC6A00C62FA5 /* 10699.swift */ = {isa = PBXFileReference; lastKnownFileType = sourcecode.swift; path = 10699.swift; sourceTree = "<group>"; };
		73E28F47288FBFAF00C62FA5 /* 10817.swift */ = {isa = PBXFileReference; lastKnownFileType = sourcecode.swift; path = 10817.swift; sourceTree = "<group>"; };
		73E344FE28C8366700943D79 /* 2846.swift */ = {isa = PBXFileReference; lastKnownFileType = sourcecode.swift; path = 2846.swift; sourceTree = "<group>"; };
		73E409D728C076DA0053591F /* 2789.swift */ = {isa = PBXFileReference; lastKnownFileType = sourcecode.swift; path = 2789.swift; sourceTree = "<group>"; };
/* End PBXFileReference section */

/* Begin PBXFrameworksBuildPhase section */
		73B55EAB2884FD70004FF108 /* Frameworks */ = {
			isa = PBXFrameworksBuildPhase;
			buildActionMask = 2147483647;
			files = (
			);
			runOnlyForDeploymentPostprocessing = 0;
		};
		73B55EBC2884FD71004FF108 /* Frameworks */ = {
			isa = PBXFrameworksBuildPhase;
			buildActionMask = 2147483647;
			files = (
			);
			runOnlyForDeploymentPostprocessing = 0;
		};
		73B55EC62884FD71004FF108 /* Frameworks */ = {
			isa = PBXFrameworksBuildPhase;
			buildActionMask = 2147483647;
			files = (
			);
			runOnlyForDeploymentPostprocessing = 0;
		};
/* End PBXFrameworksBuildPhase section */

/* Begin PBXGroup section */
		733D7825289A0ADE001E4BE6 /* Leetcode */ = {
			isa = PBXGroup;
			children = (
				733D7826289A0B05001E4BE6 /* LongestSubstringWithoutRepeatingCharacters.swift */,
			);
			path = Leetcode;
			sourceTree = "<group>";
		};
		73B55EA52884FD70004FF108 = {
			isa = PBXGroup;
			children = (
				73B55EB02884FD70004FF108 /* Into-the-Algorithm */,
				73B55EC22884FD71004FF108 /* Into-the-AlgorithmTests */,
				73B55ECC2884FD71004FF108 /* Into-the-AlgorithmUITests */,
				73B55EAF2884FD70004FF108 /* Products */,
			);
			sourceTree = "<group>";
		};
		73B55EAF2884FD70004FF108 /* Products */ = {
			isa = PBXGroup;
			children = (
				73B55EAE2884FD70004FF108 /* Into-the-Algorithm.app */,
				73B55EBF2884FD71004FF108 /* Into-the-AlgorithmTests.xctest */,
				73B55EC92884FD71004FF108 /* Into-the-AlgorithmUITests.xctest */,
			);
			name = Products;
			sourceTree = "<group>";
		};
		73B55EB02884FD70004FF108 /* Into-the-Algorithm */ = {
			isa = PBXGroup;
			children = (
				73B55EBA2884FD71004FF108 /* Into_the_Algorithm.entitlements */,
				73B55EDE2884FDA7004FF108 /* - */,
				73B55EDC2884FD91004FF108 /* Programmers */,
				733D7825289A0ADE001E4BE6 /* Leetcode */,
				73B55EDD2884FD9B004FF108 /* BaekJoon */,
			);
			path = "Into-the-Algorithm";
			sourceTree = "<group>";
		};
		73B55EC22884FD71004FF108 /* Into-the-AlgorithmTests */ = {
			isa = PBXGroup;
			children = (
				73B55EC32884FD71004FF108 /* Into_the_AlgorithmTests.swift */,
			);
			path = "Into-the-AlgorithmTests";
			sourceTree = "<group>";
		};
		73B55ECC2884FD71004FF108 /* Into-the-AlgorithmUITests */ = {
			isa = PBXGroup;
			children = (
				73B55ECD2884FD71004FF108 /* Into_the_AlgorithmUITests.swift */,
				73B55ECF2884FD71004FF108 /* Into_the_AlgorithmUITestsLaunchTests.swift */,
			);
			path = "Into-the-AlgorithmUITests";
			sourceTree = "<group>";
		};
		73B55EDC2884FD91004FF108 /* Programmers */ = {
			isa = PBXGroup;
			children = (
				73B55EDF2884FDCF004FF108 /* 64061.swift */,
				73B55EE12884FE8F004FF108 /* 70128.swift */,
			);
			path = Programmers;
			sourceTree = "<group>";
		};
		73B55EDD2884FD9B004FF108 /* BaekJoon */ = {
			isa = PBXGroup;
			children = (
				73B55EE32884FE9F004FF108 /* 1000.swift */,
				73B55EE528850777004FF108 /* 1001.swift */,
				73B55EE7288508DE004FF108 /* 1330.swift */,
				73D5850928866CB0000616BB /* 10828.swift */,
				735DC1C828879576000EE5DE /* 1550.swift */,
				735DC1CA2887A802000EE5DE /* 2557.swift */,
				735DC1CC2887A837000EE5DE /* 2558.swift */,
				735DC1CE2887A8AD000EE5DE /* 2741.swift */,
				735DC1D02887A995000EE5DE /* 2742.swift */,
				735DC1D22887AA9A000EE5DE /* 2752.swift */,
				737C22272888EFF400C05682 /* 2753.swift */,
				737C22292888F32200C05682 /* 4101.swift */,
				737C222B2888F7FA00C05682 /* 4562.swift */,
				73A53B50288A415000B65052 /* 4892.swift */,
				73A53B52288A89A000B65052 /* 5217.swift */,
				73872EC6288CF22A00749B2A /* 5337.swift */,
				73872EC8288D007200749B2A /* 5338.swift */,
				73872ECC288D07D200749B2A /* 5522.swift */,
				73872ECE288D08BB00749B2A /* 6749.swift */,
				739F498D288E296400D8185A /* 9012.swift */,
				739F498F288E314100D8185A /* 6778.swift */,
				739F4991288E3C3A00D8185A /* 7891.swift */,
				73E28F3B288F906800C62FA5 /* 8370.swift */,
				73E28F3D288F962C00C62FA5 /* 8393.swift */,
				73E28F3F288F972100C62FA5 /* 9316.swift */,
				73E28F41288F982F00C62FA5 /* 9713.swift */,
				73E28F43288FB64D00C62FA5 /* 10170.swift */,
				73E28F45288FBC6A00C62FA5 /* 10699.swift */,
				73E28F47288FBFAF00C62FA5 /* 10817.swift */,
				73AD3F692890CE7A00B0213E /* 11104.swift */,
				73AD3F6B2890D47800B0213E /* 11319.swift */,
				73AD3F6D2890D9CC00B0213E /* 11367.swift */,
				73AD3F6F2890DBB100B0213E /* 11549.swift */,
				73AD3F712890DD9A00B0213E /* 11654.swift */,
				73D43C2428922EA600D186BA /* 13597.swift */,
				73D43C262892343000D186BA /* 13752.swift */,
				73D43C282892362D00D186BA /* 14038.swift */,
				73D43C2A2892389F00D186BA /* 14681.swift */,
				73D43C2C28923E4400D186BA /* 15000.swift */,
				7392A703289373E200E530B4 /* 1152.swift */,
				7392A705289374CC00E530B4 /* 1834.swift */,
				73A16ED528976DE9006C206E /* 1259.swift */,
				73A16ED728977957006C206E /* 1264.swift */,
				73D680D5289CAB3D006277C3 /* 1547.swift */,
				73D680D7289CBAA1006277C3 /* 2420.swift */,
				73D680D9289CBBBF006277C3 /* 2355.swift */,
				73DC1085289F7191001DEDA4 /* 2386.swift */,
				73DC1087289F768F001DEDA4 /* 2438.swift */,
				73DC1089289F786C001DEDA4 /* 2475.swift */,
				738477F228A1FC8000500A40 /* 10162.swift */,
				738477F428A207F900500A40 /* 5585.swift */,
				738477F628A20A2700500A40 /* 2739.swift */,
				7322A61F28A36D44001969A0 /* 1731.swift */,
				7322A62128A372B4001969A0 /* 2490.swift */,
				737B13AC28AF785400097DCE /* 2576.swift */,
				737B13AE28AF7A6D00097DCE /* 2562.swift */,
				737B13B028AF7C4800097DCE /* 2743.swift */,
				7305CA2C28B310CA00D37A0C /* 1371.swift */,
				739F0E3B28B5C4C8003B7662 /* 1568.swift */,
				7355539F28B86C440064FBAD /* 2309.swift */,
				737EDC7D28BF118500BC906C /* 2744.swift */,
				737EDC7F28BF211C00BC906C /* 2754.swift */,
				73E409D728C076DA0053591F /* 2789.swift */,
				73BE378B28C459C400335FFC /* 2822.swift */,
				73E344FE28C8366700943D79 /* 2846.swift */,
				7367FDDE28C98B5F0089B699 /* 2857.swift */,
				7371F56528CDC5A4001D6A24 /* 2947.swift */,
			);
			path = BaekJoon;
			sourceTree = "<group>";
		};
		73B55EDE2884FDA7004FF108 /* - */ = {
			isa = PBXGroup;
			children = (
				73B55EB32884FD70004FF108 /* ViewController.swift */,
				73B55EB52884FD71004FF108 /* Assets.xcassets */,
				73B55EB72884FD71004FF108 /* Main.storyboard */,
				73B55EB12884FD70004FF108 /* AppDelegate.swift */,
			);
			path = "-";
			sourceTree = "<group>";
		};
/* End PBXGroup section */

/* Begin PBXNativeTarget section */
		73B55EAD2884FD70004FF108 /* Into-the-Algorithm */ = {
			isa = PBXNativeTarget;
			buildConfigurationList = 73B55ED32884FD71004FF108 /* Build configuration list for PBXNativeTarget "Into-the-Algorithm" */;
			buildPhases = (
				73B55EAA2884FD70004FF108 /* Sources */,
				73B55EAB2884FD70004FF108 /* Frameworks */,
				73B55EAC2884FD70004FF108 /* Resources */,
			);
			buildRules = (
			);
			dependencies = (
			);
			name = "Into-the-Algorithm";
			productName = "Into-the-Algorithm";
			productReference = 73B55EAE2884FD70004FF108 /* Into-the-Algorithm.app */;
			productType = "com.apple.product-type.application";
		};
		73B55EBE2884FD71004FF108 /* Into-the-AlgorithmTests */ = {
			isa = PBXNativeTarget;
			buildConfigurationList = 73B55ED62884FD71004FF108 /* Build configuration list for PBXNativeTarget "Into-the-AlgorithmTests" */;
			buildPhases = (
				73B55EBB2884FD71004FF108 /* Sources */,
				73B55EBC2884FD71004FF108 /* Frameworks */,
				73B55EBD2884FD71004FF108 /* Resources */,
			);
			buildRules = (
			);
			dependencies = (
				73B55EC12884FD71004FF108 /* PBXTargetDependency */,
			);
			name = "Into-the-AlgorithmTests";
			productName = "Into-the-AlgorithmTests";
			productReference = 73B55EBF2884FD71004FF108 /* Into-the-AlgorithmTests.xctest */;
			productType = "com.apple.product-type.bundle.unit-test";
		};
		73B55EC82884FD71004FF108 /* Into-the-AlgorithmUITests */ = {
			isa = PBXNativeTarget;
			buildConfigurationList = 73B55ED92884FD71004FF108 /* Build configuration list for PBXNativeTarget "Into-the-AlgorithmUITests" */;
			buildPhases = (
				73B55EC52884FD71004FF108 /* Sources */,
				73B55EC62884FD71004FF108 /* Frameworks */,
				73B55EC72884FD71004FF108 /* Resources */,
			);
			buildRules = (
			);
			dependencies = (
				73B55ECB2884FD71004FF108 /* PBXTargetDependency */,
			);
			name = "Into-the-AlgorithmUITests";
			productName = "Into-the-AlgorithmUITests";
			productReference = 73B55EC92884FD71004FF108 /* Into-the-AlgorithmUITests.xctest */;
			productType = "com.apple.product-type.bundle.ui-testing";
		};
/* End PBXNativeTarget section */

/* Begin PBXProject section */
		73B55EA62884FD70004FF108 /* Project object */ = {
			isa = PBXProject;
			attributes = {
				BuildIndependentTargetsInParallel = 1;
				LastSwiftUpdateCheck = 1340;
				LastUpgradeCheck = 1340;
				TargetAttributes = {
					73B55EAD2884FD70004FF108 = {
						CreatedOnToolsVersion = 13.4.1;
					};
					73B55EBE2884FD71004FF108 = {
						CreatedOnToolsVersion = 13.4.1;
						TestTargetID = 73B55EAD2884FD70004FF108;
					};
					73B55EC82884FD71004FF108 = {
						CreatedOnToolsVersion = 13.4.1;
						TestTargetID = 73B55EAD2884FD70004FF108;
					};
				};
			};
			buildConfigurationList = 73B55EA92884FD70004FF108 /* Build configuration list for PBXProject "Into-the-Algorithm" */;
			compatibilityVersion = "Xcode 13.0";
			developmentRegion = en;
			hasScannedForEncodings = 0;
			knownRegions = (
				en,
				Base,
			);
			mainGroup = 73B55EA52884FD70004FF108;
			productRefGroup = 73B55EAF2884FD70004FF108 /* Products */;
			projectDirPath = "";
			projectRoot = "";
			targets = (
				73B55EAD2884FD70004FF108 /* Into-the-Algorithm */,
				73B55EBE2884FD71004FF108 /* Into-the-AlgorithmTests */,
				73B55EC82884FD71004FF108 /* Into-the-AlgorithmUITests */,
			);
		};
/* End PBXProject section */

/* Begin PBXResourcesBuildPhase section */
		73B55EAC2884FD70004FF108 /* Resources */ = {
			isa = PBXResourcesBuildPhase;
			buildActionMask = 2147483647;
			files = (
				73B55EB62884FD71004FF108 /* Assets.xcassets in Resources */,
				73B55EB92884FD71004FF108 /* Main.storyboard in Resources */,
			);
			runOnlyForDeploymentPostprocessing = 0;
		};
		73B55EBD2884FD71004FF108 /* Resources */ = {
			isa = PBXResourcesBuildPhase;
			buildActionMask = 2147483647;
			files = (
			);
			runOnlyForDeploymentPostprocessing = 0;
		};
		73B55EC72884FD71004FF108 /* Resources */ = {
			isa = PBXResourcesBuildPhase;
			buildActionMask = 2147483647;
			files = (
			);
			runOnlyForDeploymentPostprocessing = 0;
		};
/* End PBXResourcesBuildPhase section */

/* Begin PBXSourcesBuildPhase section */
		73B55EAA2884FD70004FF108 /* Sources */ = {
			isa = PBXSourcesBuildPhase;
			buildActionMask = 2147483647;
			files = (
				733D7827289A0B05001E4BE6 /* LongestSubstringWithoutRepeatingCharacters.swift in Sources */,
				73E344FF28C8366700943D79 /* 2846.swift in Sources */,
				735DC1D12887A995000EE5DE /* 2742.swift in Sources */,
				738477F728A20A2700500A40 /* 2739.swift in Sources */,
				73E28F42288F982F00C62FA5 /* 9713.swift in Sources */,
				739F498E288E296400D8185A /* 9012.swift in Sources */,
				7367FDDF28C98B600089B699 /* 2857.swift in Sources */,
				73D43C292892362D00D186BA /* 14038.swift in Sources */,
				7392A706289374CC00E530B4 /* 1834.swift in Sources */,
				735DC1CB2887A802000EE5DE /* 2557.swift in Sources */,
				737EDC8028BF211C00BC906C /* 2754.swift in Sources */,
				7371F56628CDC5A4001D6A24 /* 2947.swift in Sources */,
				73D680D8289CBAA1006277C3 /* 2420.swift in Sources */,
				73B55EE22884FE8F004FF108 /* 70128.swift in Sources */,
				73E409D828C076DA0053591F /* 2789.swift in Sources */,
				73D43C2D28923E4400D186BA /* 15000.swift in Sources */,
				73D5850A28866CB0000616BB /* 10828.swift in Sources */,
				73B55EB42884FD70004FF108 /* ViewController.swift in Sources */,
				735553A028B86C440064FBAD /* 2309.swift in Sources */,
				73E28F40288F972100C62FA5 /* 9316.swift in Sources */,
				73E28F44288FB64D00C62FA5 /* 10170.swift in Sources */,
				738477F328A1FC8000500A40 /* 10162.swift in Sources */,
				735DC1C928879576000EE5DE /* 1550.swift in Sources */,
				73B55EE02884FDCF004FF108 /* 64061.swift in Sources */,
				73E28F3E288F962C00C62FA5 /* 8393.swift in Sources */,
				737B13B128AF7C4800097DCE /* 2743.swift in Sources */,
				73E28F48288FBFAF00C62FA5 /* 10817.swift in Sources */,
				73872ECD288D07D200749B2A /* 5522.swift in Sources */,
				7322A62028A36D44001969A0 /* 1731.swift in Sources */,
				738477F528A207F900500A40 /* 5585.swift in Sources */,
				73872EC7288CF22A00749B2A /* 5337.swift in Sources */,
				73AD3F702890DBB100B0213E /* 11549.swift in Sources */,
				737B13AD28AF785400097DCE /* 2576.swift in Sources */,
				7305CA2D28B310CA00D37A0C /* 1371.swift in Sources */,
				737C22282888EFF400C05682 /* 2753.swift in Sources */,
				73E28F46288FBC6A00C62FA5 /* 10699.swift in Sources */,
				73AD3F6A2890CE7A00B0213E /* 11104.swift in Sources */,
				735DC1D32887AA9A000EE5DE /* 2752.swift in Sources */,
				73A16ED828977957006C206E /* 1264.swift in Sources */,
				737EDC7E28BF118500BC906C /* 2744.swift in Sources */,
				739F0E3C28B5C4C8003B7662 /* 1568.swift in Sources */,
				73A53B53288A89A000B65052 /* 5217.swift in Sources */,
				73A16ED628976DE9006C206E /* 1259.swift in Sources */,
				73B55EE42884FE9F004FF108 /* 1000.swift in Sources */,
				73DC108A289F786C001DEDA4 /* 2475.swift in Sources */,
				735DC1CF2887A8AD000EE5DE /* 2741.swift in Sources */,
				737C222A2888F32200C05682 /* 4101.swift in Sources */,
				73D43C272892343000D186BA /* 13752.swift in Sources */,
				739F4992288E3C3A00D8185A /* 7891.swift in Sources */,
				73AD3F722890DD9A00B0213E /* 11654.swift in Sources */,
				73872ECF288D08BB00749B2A /* 6749.swift in Sources */,
				73AD3F6C2890D47800B0213E /* 11319.swift in Sources */,
				73B55EB22884FD70004FF108 /* AppDelegate.swift in Sources */,
				73872EC9288D007200749B2A /* 5338.swift in Sources */,
				73AD3F6E2890D9CC00B0213E /* 11367.swift in Sources */,
				7392A704289373E200E530B4 /* 1152.swift in Sources */,
				73B55EE628850777004FF108 /* 1001.swift in Sources */,
				73BE378C28C459C400335FFC /* 2822.swift in Sources */,
				7322A62228A372B4001969A0 /* 2490.swift in Sources */,
				73DC1088289F768F001DEDA4 /* 2438.swift in Sources */,
				73B55EE8288508DE004FF108 /* 1330.swift in Sources */,
				73D680D6289CAB3D006277C3 /* 1547.swift in Sources */,
				739F4990288E314100D8185A /* 6778.swift in Sources */,
				73E28F3C288F906800C62FA5 /* 8370.swift in Sources */,
				735DC1CD2887A837000EE5DE /* 2558.swift in Sources */,
				73D680DA289CBBBF006277C3 /* 2355.swift in Sources */,
				73D43C2528922EA600D186BA /* 13597.swift in Sources */,
				73DC1086289F7191001DEDA4 /* 2386.swift in Sources */,
				737B13AF28AF7A6D00097DCE /* 2562.swift in Sources */,
				73A53B51288A415000B65052 /* 4892.swift in Sources */,
				73D43C2B2892389F00D186BA /* 14681.swift in Sources */,
				737C222C2888F7FA00C05682 /* 4562.swift in Sources */,
			);
			runOnlyForDeploymentPostprocessing = 0;
		};
		73B55EBB2884FD71004FF108 /* Sources */ = {
			isa = PBXSourcesBuildPhase;
			buildActionMask = 2147483647;
			files = (
				73B55EC42884FD71004FF108 /* Into_the_AlgorithmTests.swift in Sources */,
			);
			runOnlyForDeploymentPostprocessing = 0;
		};
		73B55EC52884FD71004FF108 /* Sources */ = {
			isa = PBXSourcesBuildPhase;
			buildActionMask = 2147483647;
			files = (
				73B55ED02884FD71004FF108 /* Into_the_AlgorithmUITestsLaunchTests.swift in Sources */,
				73B55ECE2884FD71004FF108 /* Into_the_AlgorithmUITests.swift in Sources */,
			);
			runOnlyForDeploymentPostprocessing = 0;
		};
/* End PBXSourcesBuildPhase section */

/* Begin PBXTargetDependency section */
		73B55EC12884FD71004FF108 /* PBXTargetDependency */ = {
			isa = PBXTargetDependency;
			target = 73B55EAD2884FD70004FF108 /* Into-the-Algorithm */;
			targetProxy = 73B55EC02884FD71004FF108 /* PBXContainerItemProxy */;
		};
		73B55ECB2884FD71004FF108 /* PBXTargetDependency */ = {
			isa = PBXTargetDependency;
			target = 73B55EAD2884FD70004FF108 /* Into-the-Algorithm */;
			targetProxy = 73B55ECA2884FD71004FF108 /* PBXContainerItemProxy */;
		};
/* End PBXTargetDependency section */

/* Begin PBXVariantGroup section */
		73B55EB72884FD71004FF108 /* Main.storyboard */ = {
			isa = PBXVariantGroup;
			children = (
				73B55EB82884FD71004FF108 /* Base */,
			);
			name = Main.storyboard;
			sourceTree = "<group>";
		};
/* End PBXVariantGroup section */

/* Begin XCBuildConfiguration section */
		73B55ED12884FD71004FF108 /* Debug */ = {
			isa = XCBuildConfiguration;
			buildSettings = {
				ALWAYS_SEARCH_USER_PATHS = NO;
				CLANG_ANALYZER_NONNULL = YES;
				CLANG_ANALYZER_NUMBER_OBJECT_CONVERSION = YES_AGGRESSIVE;
				CLANG_CXX_LANGUAGE_STANDARD = "gnu++17";
				CLANG_ENABLE_MODULES = YES;
				CLANG_ENABLE_OBJC_ARC = YES;
				CLANG_ENABLE_OBJC_WEAK = YES;
				CLANG_WARN_BLOCK_CAPTURE_AUTORELEASING = YES;
				CLANG_WARN_BOOL_CONVERSION = YES;
				CLANG_WARN_COMMA = YES;
				CLANG_WARN_CONSTANT_CONVERSION = YES;
				CLANG_WARN_DEPRECATED_OBJC_IMPLEMENTATIONS = YES;
				CLANG_WARN_DIRECT_OBJC_ISA_USAGE = YES_ERROR;
				CLANG_WARN_DOCUMENTATION_COMMENTS = YES;
				CLANG_WARN_EMPTY_BODY = YES;
				CLANG_WARN_ENUM_CONVERSION = YES;
				CLANG_WARN_INFINITE_RECURSION = YES;
				CLANG_WARN_INT_CONVERSION = YES;
				CLANG_WARN_NON_LITERAL_NULL_CONVERSION = YES;
				CLANG_WARN_OBJC_IMPLICIT_RETAIN_SELF = YES;
				CLANG_WARN_OBJC_LITERAL_CONVERSION = YES;
				CLANG_WARN_OBJC_ROOT_CLASS = YES_ERROR;
				CLANG_WARN_QUOTED_INCLUDE_IN_FRAMEWORK_HEADER = YES;
				CLANG_WARN_RANGE_LOOP_ANALYSIS = YES;
				CLANG_WARN_STRICT_PROTOTYPES = YES;
				CLANG_WARN_SUSPICIOUS_MOVE = YES;
				CLANG_WARN_UNGUARDED_AVAILABILITY = YES_AGGRESSIVE;
				CLANG_WARN_UNREACHABLE_CODE = YES;
				CLANG_WARN__DUPLICATE_METHOD_MATCH = YES;
				COPY_PHASE_STRIP = NO;
				DEBUG_INFORMATION_FORMAT = dwarf;
				ENABLE_STRICT_OBJC_MSGSEND = YES;
				ENABLE_TESTABILITY = YES;
				GCC_C_LANGUAGE_STANDARD = gnu11;
				GCC_DYNAMIC_NO_PIC = NO;
				GCC_NO_COMMON_BLOCKS = YES;
				GCC_OPTIMIZATION_LEVEL = 0;
				GCC_PREPROCESSOR_DEFINITIONS = (
					"DEBUG=1",
					"$(inherited)",
				);
				GCC_WARN_64_TO_32_BIT_CONVERSION = YES;
				GCC_WARN_ABOUT_RETURN_TYPE = YES_ERROR;
				GCC_WARN_UNDECLARED_SELECTOR = YES;
				GCC_WARN_UNINITIALIZED_AUTOS = YES_AGGRESSIVE;
				GCC_WARN_UNUSED_FUNCTION = YES;
				GCC_WARN_UNUSED_VARIABLE = YES;
				MACOSX_DEPLOYMENT_TARGET = 12.1;
				MTL_ENABLE_DEBUG_INFO = INCLUDE_SOURCE;
				MTL_FAST_MATH = YES;
				ONLY_ACTIVE_ARCH = YES;
				SDKROOT = macosx;
				SWIFT_ACTIVE_COMPILATION_CONDITIONS = DEBUG;
				SWIFT_OPTIMIZATION_LEVEL = "-Onone";
			};
			name = Debug;
		};
		73B55ED22884FD71004FF108 /* Release */ = {
			isa = XCBuildConfiguration;
			buildSettings = {
				ALWAYS_SEARCH_USER_PATHS = NO;
				CLANG_ANALYZER_NONNULL = YES;
				CLANG_ANALYZER_NUMBER_OBJECT_CONVERSION = YES_AGGRESSIVE;
				CLANG_CXX_LANGUAGE_STANDARD = "gnu++17";
				CLANG_ENABLE_MODULES = YES;
				CLANG_ENABLE_OBJC_ARC = YES;
				CLANG_ENABLE_OBJC_WEAK = YES;
				CLANG_WARN_BLOCK_CAPTURE_AUTORELEASING = YES;
				CLANG_WARN_BOOL_CONVERSION = YES;
				CLANG_WARN_COMMA = YES;
				CLANG_WARN_CONSTANT_CONVERSION = YES;
				CLANG_WARN_DEPRECATED_OBJC_IMPLEMENTATIONS = YES;
				CLANG_WARN_DIRECT_OBJC_ISA_USAGE = YES_ERROR;
				CLANG_WARN_DOCUMENTATION_COMMENTS = YES;
				CLANG_WARN_EMPTY_BODY = YES;
				CLANG_WARN_ENUM_CONVERSION = YES;
				CLANG_WARN_INFINITE_RECURSION = YES;
				CLANG_WARN_INT_CONVERSION = YES;
				CLANG_WARN_NON_LITERAL_NULL_CONVERSION = YES;
				CLANG_WARN_OBJC_IMPLICIT_RETAIN_SELF = YES;
				CLANG_WARN_OBJC_LITERAL_CONVERSION = YES;
				CLANG_WARN_OBJC_ROOT_CLASS = YES_ERROR;
				CLANG_WARN_QUOTED_INCLUDE_IN_FRAMEWORK_HEADER = YES;
				CLANG_WARN_RANGE_LOOP_ANALYSIS = YES;
				CLANG_WARN_STRICT_PROTOTYPES = YES;
				CLANG_WARN_SUSPICIOUS_MOVE = YES;
				CLANG_WARN_UNGUARDED_AVAILABILITY = YES_AGGRESSIVE;
				CLANG_WARN_UNREACHABLE_CODE = YES;
				CLANG_WARN__DUPLICATE_METHOD_MATCH = YES;
				COPY_PHASE_STRIP = NO;
				DEBUG_INFORMATION_FORMAT = "dwarf-with-dsym";
				ENABLE_NS_ASSERTIONS = NO;
				ENABLE_STRICT_OBJC_MSGSEND = YES;
				GCC_C_LANGUAGE_STANDARD = gnu11;
				GCC_NO_COMMON_BLOCKS = YES;
				GCC_WARN_64_TO_32_BIT_CONVERSION = YES;
				GCC_WARN_ABOUT_RETURN_TYPE = YES_ERROR;
				GCC_WARN_UNDECLARED_SELECTOR = YES;
				GCC_WARN_UNINITIALIZED_AUTOS = YES_AGGRESSIVE;
				GCC_WARN_UNUSED_FUNCTION = YES;
				GCC_WARN_UNUSED_VARIABLE = YES;
				MACOSX_DEPLOYMENT_TARGET = 12.1;
				MTL_ENABLE_DEBUG_INFO = NO;
				MTL_FAST_MATH = YES;
				SDKROOT = macosx;
				SWIFT_COMPILATION_MODE = wholemodule;
				SWIFT_OPTIMIZATION_LEVEL = "-O";
			};
			name = Release;
		};
		73B55ED42884FD71004FF108 /* Debug */ = {
			isa = XCBuildConfiguration;
			buildSettings = {
				ASSETCATALOG_COMPILER_APPICON_NAME = AppIcon;
				ASSETCATALOG_COMPILER_GLOBAL_ACCENT_COLOR_NAME = AccentColor;
				CODE_SIGN_ENTITLEMENTS = "Into-the-Algorithm/Into_the_Algorithm.entitlements";
				CODE_SIGN_STYLE = Automatic;
				COMBINE_HIDPI_IMAGES = YES;
				CURRENT_PROJECT_VERSION = 1;
				DEVELOPMENT_TEAM = 6Y9V523M6R;
				ENABLE_HARDENED_RUNTIME = YES;
				GENERATE_INFOPLIST_FILE = YES;
				INFOPLIST_KEY_NSHumanReadableCopyright = "";
				INFOPLIST_KEY_NSMainStoryboardFile = Main;
				INFOPLIST_KEY_NSPrincipalClass = NSApplication;
				LD_RUNPATH_SEARCH_PATHS = (
					"$(inherited)",
					"@executable_path/../Frameworks",
				);
				MARKETING_VERSION = 1.0;
				PRODUCT_BUNDLE_IDENTIFIER = "com.jihee.Into-the-Algorithm";
				PRODUCT_NAME = "$(TARGET_NAME)";
				SWIFT_EMIT_LOC_STRINGS = YES;
				SWIFT_VERSION = 5.0;
			};
			name = Debug;
		};
		73B55ED52884FD71004FF108 /* Release */ = {
			isa = XCBuildConfiguration;
			buildSettings = {
				ASSETCATALOG_COMPILER_APPICON_NAME = AppIcon;
				ASSETCATALOG_COMPILER_GLOBAL_ACCENT_COLOR_NAME = AccentColor;
				CODE_SIGN_ENTITLEMENTS = "Into-the-Algorithm/Into_the_Algorithm.entitlements";
				CODE_SIGN_STYLE = Automatic;
				COMBINE_HIDPI_IMAGES = YES;
				CURRENT_PROJECT_VERSION = 1;
				DEVELOPMENT_TEAM = 6Y9V523M6R;
				ENABLE_HARDENED_RUNTIME = YES;
				GENERATE_INFOPLIST_FILE = YES;
				INFOPLIST_KEY_NSHumanReadableCopyright = "";
				INFOPLIST_KEY_NSMainStoryboardFile = Main;
				INFOPLIST_KEY_NSPrincipalClass = NSApplication;
				LD_RUNPATH_SEARCH_PATHS = (
					"$(inherited)",
					"@executable_path/../Frameworks",
				);
				MARKETING_VERSION = 1.0;
				PRODUCT_BUNDLE_IDENTIFIER = "com.jihee.Into-the-Algorithm";
				PRODUCT_NAME = "$(TARGET_NAME)";
				SWIFT_EMIT_LOC_STRINGS = YES;
				SWIFT_VERSION = 5.0;
			};
			name = Release;
		};
		73B55ED72884FD71004FF108 /* Debug */ = {
			isa = XCBuildConfiguration;
			buildSettings = {
				ALWAYS_EMBED_SWIFT_STANDARD_LIBRARIES = YES;
				BUNDLE_LOADER = "$(TEST_HOST)";
				CODE_SIGN_STYLE = Automatic;
				CURRENT_PROJECT_VERSION = 1;
				DEVELOPMENT_TEAM = 6Y9V523M6R;
				GENERATE_INFOPLIST_FILE = YES;
				MACOSX_DEPLOYMENT_TARGET = 12.1;
				MARKETING_VERSION = 1.0;
				PRODUCT_BUNDLE_IDENTIFIER = "com.jihee.Into-the-AlgorithmTests";
				PRODUCT_NAME = "$(TARGET_NAME)";
				SWIFT_EMIT_LOC_STRINGS = NO;
				SWIFT_VERSION = 5.0;
				TEST_HOST = "$(BUILT_PRODUCTS_DIR)/Into-the-Algorithm.app/Contents/MacOS/Into-the-Algorithm";
			};
			name = Debug;
		};
		73B55ED82884FD71004FF108 /* Release */ = {
			isa = XCBuildConfiguration;
			buildSettings = {
				ALWAYS_EMBED_SWIFT_STANDARD_LIBRARIES = YES;
				BUNDLE_LOADER = "$(TEST_HOST)";
				CODE_SIGN_STYLE = Automatic;
				CURRENT_PROJECT_VERSION = 1;
				DEVELOPMENT_TEAM = 6Y9V523M6R;
				GENERATE_INFOPLIST_FILE = YES;
				MACOSX_DEPLOYMENT_TARGET = 12.1;
				MARKETING_VERSION = 1.0;
				PRODUCT_BUNDLE_IDENTIFIER = "com.jihee.Into-the-AlgorithmTests";
				PRODUCT_NAME = "$(TARGET_NAME)";
				SWIFT_EMIT_LOC_STRINGS = NO;
				SWIFT_VERSION = 5.0;
				TEST_HOST = "$(BUILT_PRODUCTS_DIR)/Into-the-Algorithm.app/Contents/MacOS/Into-the-Algorithm";
			};
			name = Release;
		};
		73B55EDA2884FD71004FF108 /* Debug */ = {
			isa = XCBuildConfiguration;
			buildSettings = {
				ALWAYS_EMBED_SWIFT_STANDARD_LIBRARIES = YES;
				CODE_SIGN_STYLE = Automatic;
				CURRENT_PROJECT_VERSION = 1;
				DEVELOPMENT_TEAM = 6Y9V523M6R;
				GENERATE_INFOPLIST_FILE = YES;
				MARKETING_VERSION = 1.0;
				PRODUCT_BUNDLE_IDENTIFIER = "com.jihee.Into-the-AlgorithmUITests";
				PRODUCT_NAME = "$(TARGET_NAME)";
				SWIFT_EMIT_LOC_STRINGS = NO;
				SWIFT_VERSION = 5.0;
				TEST_TARGET_NAME = "Into-the-Algorithm";
			};
			name = Debug;
		};
		73B55EDB2884FD71004FF108 /* Release */ = {
			isa = XCBuildConfiguration;
			buildSettings = {
				ALWAYS_EMBED_SWIFT_STANDARD_LIBRARIES = YES;
				CODE_SIGN_STYLE = Automatic;
				CURRENT_PROJECT_VERSION = 1;
				DEVELOPMENT_TEAM = 6Y9V523M6R;
				GENERATE_INFOPLIST_FILE = YES;
				MARKETING_VERSION = 1.0;
				PRODUCT_BUNDLE_IDENTIFIER = "com.jihee.Into-the-AlgorithmUITests";
				PRODUCT_NAME = "$(TARGET_NAME)";
				SWIFT_EMIT_LOC_STRINGS = NO;
				SWIFT_VERSION = 5.0;
				TEST_TARGET_NAME = "Into-the-Algorithm";
			};
			name = Release;
		};
/* End XCBuildConfiguration section */

/* Begin XCConfigurationList section */
		73B55EA92884FD70004FF108 /* Build configuration list for PBXProject "Into-the-Algorithm" */ = {
			isa = XCConfigurationList;
			buildConfigurations = (
				73B55ED12884FD71004FF108 /* Debug */,
				73B55ED22884FD71004FF108 /* Release */,
			);
			defaultConfigurationIsVisible = 0;
			defaultConfigurationName = Release;
		};
		73B55ED32884FD71004FF108 /* Build configuration list for PBXNativeTarget "Into-the-Algorithm" */ = {
			isa = XCConfigurationList;
			buildConfigurations = (
				73B55ED42884FD71004FF108 /* Debug */,
				73B55ED52884FD71004FF108 /* Release */,
			);
			defaultConfigurationIsVisible = 0;
			defaultConfigurationName = Release;
		};
		73B55ED62884FD71004FF108 /* Build configuration list for PBXNativeTarget "Into-the-AlgorithmTests" */ = {
			isa = XCConfigurationList;
			buildConfigurations = (
				73B55ED72884FD71004FF108 /* Debug */,
				73B55ED82884FD71004FF108 /* Release */,
			);
			defaultConfigurationIsVisible = 0;
			defaultConfigurationName = Release;
		};
		73B55ED92884FD71004FF108 /* Build configuration list for PBXNativeTarget "Into-the-AlgorithmUITests" */ = {
			isa = XCConfigurationList;
			buildConfigurations = (
				73B55EDA2884FD71004FF108 /* Debug */,
				73B55EDB2884FD71004FF108 /* Release */,
			);
			defaultConfigurationIsVisible = 0;
			defaultConfigurationName = Release;
		};
/* End XCConfigurationList section */
	};
	rootObject = 73B55EA62884FD70004FF108 /* Project object */;
}
